# THIS IS AN AUTOGENERATED FILE. DO NOT EDIT THIS FILE DIRECTLY.
# yarn lockfile v1


three@^0.126.1:
  version "0.126.1"
  resolved "https://registry.yarnpkg.com/three/-/three-0.126.1.tgz#cf4e4e52060fd952f6f0d5440cbd422c66bc4be7"
  integrity sha512-eOEXnZeE1FDV0XgL1u08auIP13jxdN9LQBAEmlErYzMxtIIfuGIAZbijOyookALUhqVzVOx0Tywj6n192VM+nQ==
